# This is a Gradle generated file for dependency locking.
# Manual edits can break the build and are not advised.
# This file is expected to be part of source control.
ch.qos.logback:logback-classic:1.2.7=compileClasspath,default,runtimeClasspath,testCompileClasspath,testRuntimeClasspath
ch.qos.logback:logback-core:1.2.7=compileClasspath,default,runtimeClasspath,testCompileClasspath,testRuntimeClasspath
io.netty:netty-buffer:4.1.70.Final=compileClasspath,default,runtimeClasspath,testCompileClasspath,testRuntimeClasspath
io.netty:netty-codec-dns:4.1.70.Final=compileClasspath,default,runtimeClasspath,testCompileClasspath,testRuntimeClasspath
io.netty:netty-codec-http:4.1.70.Final=compileClasspath,default,runtimeClasspath,testCompileClasspath,testRuntimeClasspath
io.netty:netty-codec-socks:4.1.70.Final=compileClasspath,default,runtimeClasspath,testCompileClasspath,testRuntimeClasspath
io.netty:netty-codec:4.1.70.Final=compileClasspath,default,runtimeClasspath,testCompileClasspath,testRuntimeClasspath
io.netty:netty-common:4.1.70.Final=compileClasspath,default,runtimeClasspath,testCompileClasspath,testRuntimeClasspath
io.netty:netty-handler-proxy:4.1.70.Final=compileClasspath,default,runtimeClasspath,testCompileClasspath,testRuntimeClasspath
io.netty:netty-handler:4.1.70.Final=compileClasspath,default,runtimeClasspath,testCompileClasspath,testRuntimeClasspath
io.netty:netty-resolver-dns-classes-macos:4.1.70.Final=compileClasspath,default,runtimeClasspath,testCompileClasspath,testRuntimeClasspath
io.netty:netty-resolver-dns-native-macos:4.1.70.Final=compileClasspath,default,runtimeClasspath,testCompileClasspath,testRuntimeClasspath
io.netty:netty-resolver-dns:4.1.70.Final=compileClasspath,default,runtimeClasspath,testCompileClasspath,testRuntimeClasspath
io.netty:netty-resolver:4.1.70.Final=compileClasspath,default,runtimeClasspath,testCompileClasspath,testRuntimeClasspath
io.netty:netty-transport-classes-epoll:4.1.70.Final=compileClasspath,default,runtimeClasspath,testCompileClasspath,testRuntimeClasspath
io.netty:netty-transport-native-epoll:4.1.70.Final=compileClasspath,default,runtimeClasspath,testCompileClasspath,testRuntimeClasspath
io.netty:netty-transport-native-unix-common:4.1.70.Final=compileClasspath,default,runtimeClasspath,testCompileClasspath,testRuntimeClasspath
io.netty:netty-transport:4.1.70.Final=compileClasspath,default,runtimeClasspath,testCompileClasspath,testRuntimeClasspath
io.projectreactor.netty:reactor-netty-core:1.0.13=compileClasspath,default,runtimeClasspath,testCompileClasspath,testRuntimeClasspath
io.projectreactor:reactor-bom:2020.0.13=compileClasspath,default,runtimeClasspath,testCompileClasspath,testRuntimeClasspath
io.projectreactor:reactor-core:3.4.12=compileClasspath,default,runtimeClasspath,testCompileClasspath,testRuntimeClasspath
org.reactivestreams:reactive-streams:1.0.3=compileClasspath,default,runtimeClasspath,testCompileClasspath,testRuntimeClasspath
org.slf4j:slf4j-api:1.7.32=compileClasspath,default,runtimeClasspath,testCompileClasspath,testRuntimeClasspath
empty=annotationProcessor,archives,testAnnotationProcessor
